{
  "name": "a02-teresa7218",
  "version": "1.0.0",
  "lockfileVersion": 2,
  "requires": true,
  "packages": {
    "": {
      "name": "a02-teresa7218",
      "version": "1.0.0",
      "license": "GPL-3.0-or-later",
      "dependencies": {
        "edit-package-json": "^0.7.2",
        "minimist": "^1.2.6"
      }
    },
    "node_modules/edit-package-json": {
      "version": "0.7.2",
      "resolved": "https://registry.npmjs.org/edit-package-json/-/edit-package-json-0.7.2.tgz",
      "integrity": "sha512-mY7eUG84EAbfnNl5VvwLyZXx7fa+XG9FRTDNHcjVCSNqRt4ANXw5Xir/DopPEIrSdBqV3cLHwEgYwR/aZcz8jw==",
      "dependencies": {
        "ranges-apply": "^6.2.2",
        "string-left-right": "^5.1.2"
      },
      "engines": {
        "node": "^12.20.0 || ^14.13.1 || >=16.0.0"
      }
    },
    "node_modules/lodash.clonedeep": {
      "version": "4.5.0",
      "resolved": "https://registry.npmjs.org/lodash.clonedeep/-/lodash.clonedeep-4.5.0.tgz",
      "integrity": "sha512-H5ZhCF25riFd9uB5UCkVKo61m3S/xZk1x4wA6yp/L3RFP6Z/eHH1ymQcGLo7J3GMPfm0V/7m1tryHuGVxpqEBQ=="
    },
    "node_modules/lodash.isplainobject": {
      "version": "4.0.6",
      "resolved": "https://registry.npmjs.org/lodash.isplainobject/-/lodash.isplainobject-4.0.6.tgz",
      "integrity": "sha512-oSXzaWypCMHkPC3NvBEaPHf0KsA5mvPrOPgQWDsbg8n7orZ290M0BmC/jgRZ4vcJ6DTAhjrsSYgdsW/F+MFOBA=="
    },
    "node_modules/minimist": {
      "version": "1.2.6",
      "resolved": "https://registry.npmjs.org/minimist/-/minimist-1.2.6.tgz",
      "integrity": "sha512-Jsjnk4bw3YJqYzbdyBiNsPWHPfO++UGG749Cxs6peCu5Xg4nrena6OVxOYxrQTqww0Jmwt+Ref8rggumkTLz9Q=="
    },
    "node_modules/ranges-apply": {
      "version": "6.2.2",
      "resolved": "https://registry.npmjs.org/ranges-apply/-/ranges-apply-6.2.2.tgz",
      "integrity": "sha512-ISCJw52YLx9m3EjhqlXwVc4pgwSUuMwWkzuYw8WqSExgYHu3ZA/oO6qh3RpPo2E91LiFdmQNF1fEuQUhDISfeQ==",
      "dependencies": {
        "ranges-merge": "^8.2.2",
        "tiny-invariant": "^1.2.0"
      },
      "engines": {
        "node": "^12.20.0 || ^14.13.1 || >=16.0.0"
      }
    },
    "node_modules/ranges-merge": {
      "version": "8.2.2",
      "resolved": "https://registry.npmjs.org/ranges-merge/-/ranges-merge-8.2.2.tgz",
      "integrity": "sha512-r/+zro+tukevOznmjflo68efwk931rY0FQFVzZjgI5DRA7pT0H+/qM6a0lx++TY/eHICfhlQ/56oGBSbx/8pRA==",
      "dependencies": {
        "ranges-push": "^6.2.2",
        "ranges-sort": "^5.1.1"
      },
      "engines": {
        "node": "^12.20.0 || ^14.13.1 || >=16.0.0"
      }
    },
    "node_modules/ranges-push": {
      "version": "6.2.2",
      "resolved": "https://registry.npmjs.org/ranges-push/-/ranges-push-6.2.2.tgz",
      "integrity": "sha512-cFDwZgQMW3SI7bDzl0cpGy9T997/d3VIyxDYZUVlYfY0z7GWqd3Lg4DAiFRnkOHDbAT94jlZVfyJ0HX+sKWnGw==",
      "dependencies": {
        "string-collapse-leading-whitespace": "^6.1.2",
        "string-trim-spaces-only": "^4.1.1"
      },
      "engines": {
        "node": "^12.20.0 || ^14.13.1 || >=16.0.0"
      }
    },
    "node_modules/ranges-sort": {
      "version": "5.1.1",
      "resolved": "https://registry.npmjs.org/ranges-sort/-/ranges-sort-5.1.1.tgz",
      "integrity": "sha512-xFK3wqdolNvZAwotY1m3CzvaWfYpA7ddOXnhuo2pYTNLXDIgW5oF9mnntCvgcmhGsISN6T7XiCJIR/UZVasZ+Q==",
      "engines": {
        "node": "^12.20.0 || ^14.13.1 || >=16.0.0"
      }
    },
    "node_modules/string-collapse-leading-whitespace": {
      "version": "6.1.2",
      "resolved": "https://registry.npmjs.org/string-collapse-leading-whitespace/-/string-collapse-leading-whitespace-6.1.2.tgz",
      "integrity": "sha512-U8QOn9GXAVoERri4K7vqt7D8W6Lijmtsnn+clXLlxJWlA38MVDUjT4dbtR0Qw7FwfmJ6ixpRFC68nMUvstf7gA==",
      "engines": {
        "node": "^12.20.0 || ^14.13.1 || >=16.0.0"
      }
    },
    "node_modules/string-left-right": {
      "version": "5.1.2",
      "resolved": "https://registry.npmjs.org/string-left-right/-/string-left-right-5.1.2.tgz",
      "integrity": "sha512-KbrADvIlY+K2VWW8tnTnD2DQyFlFdnPne4rGdgPo0R19T+ulGah4vHCLuM1vcXoaw2moWXSrpkjM7SlSe6j9gw==",
      "dependencies": {
        "lodash.clonedeep": "^4.5.0",
        "lodash.isplainobject": "^4.0.6"
      },
      "engines": {
        "node": "^12.20.0 || ^14.13.1 || >=16.0.0"
      }
    },
    "node_modules/string-trim-spaces-only": {
      "version": "4.1.1",
      "resolved": "https://registry.npmjs.org/string-trim-spaces-only/-/string-trim-spaces-only-4.1.1.tgz",
      "integrity": "sha512-cAuDSKWkObM+nNteIFQeRaQA7Jk0I79itI8l0+D6AuQ/uVl3uVZCLW+3kXYBNG0DBMJlmk3JUDfUcwEANsPnMA==",
      "engines": {
        "node": "^12.20.0 || ^14.13.1 || >=16.0.0"
      }
    },
    "node_modules/tiny-invariant": {
      "version": "1.3.1",
      "resolved": "https://registry.npmjs.org/tiny-invariant/-/tiny-invariant-1.3.1.tgz",
      "integrity": "sha512-AD5ih2NlSssTCwsMznbvwMZpJ1cbhkGd2uueNxzv2jDlEeZdU04JQfRnggJQ8DrcVBGjAsCKwFBbDlVNtEMlzw=="
    }
  },
  "dependencies": {
    "edit-package-json": {
      "version": "0.7.2",
      "resolved": "https://registry.npmjs.org/edit-package-json/-/edit-package-json-0.7.2.tgz",
      "integrity": "sha512-mY7eUG84EAbfnNl5VvwLyZXx7fa+XG9FRTDNHcjVCSNqRt4ANXw5Xir/DopPEIrSdBqV3cLHwEgYwR/aZcz8jw==",
      "requires": {
        "ranges-apply": "^6.2.2",
        "string-left-right": "^5.1.2"
      }
    },
    "lodash.clonedeep": {
      "version": "4.5.0",
      "resolved": "https://registry.npmjs.org/lodash.clonedeep/-/lodash.clonedeep-4.5.0.tgz",
      "integrity": "sha512-H5ZhCF25riFd9uB5UCkVKo61m3S/xZk1x4wA6yp/L3RFP6Z/eHH1ymQcGLo7J3GMPfm0V/7m1tryHuGVxpqEBQ=="
    },
    "lodash.isplainobject": {
      "version": "4.0.6",
      "resolved": "https://registry.npmjs.org/lodash.isplainobject/-/lodash.isplainobject-4.0.6.tgz",
      "integrity": "sha512-oSXzaWypCMHkPC3NvBEaPHf0KsA5mvPrOPgQWDsbg8n7orZ290M0BmC/jgRZ4vcJ6DTAhjrsSYgdsW/F+MFOBA=="
    },
    "minimist": {
      "version": "1.2.6",
      "resolved": "https://registry.npmjs.org/minimist/-/minimist-1.2.6.tgz",
      "integrity": "sha512-Jsjnk4bw3YJqYzbdyBiNsPWHPfO++UGG749Cxs6peCu5Xg4nrena6OVxOYxrQTqww0Jmwt+Ref8rggumkTLz9Q=="
    },
    "ranges-apply": {
      "version": "6.2.2",
      "resolved": "https://registry.npmjs.org/ranges-apply/-/ranges-apply-6.2.2.tgz",
      "integrity": "sha512-ISCJw52YLx9m3EjhqlXwVc4pgwSUuMwWkzuYw8WqSExgYHu3ZA/oO6qh3RpPo2E91LiFdmQNF1fEuQUhDISfeQ==",
      "requires": {
        "ranges-merge": "^8.2.2",
        "tiny-invariant": "^1.2.0"
      }
    },
    "ranges-merge": {
      "version": "8.2.2",
      "resolved": "https://registry.npmjs.org/ranges-merge/-/ranges-merge-8.2.2.tgz",
      "integrity": "sha512-r/+zro+tukevOznmjflo68efwk931rY0FQFVzZjgI5DRA7pT0H+/qM6a0lx++TY/eHICfhlQ/56oGBSbx/8pRA==",
      "requires": {
        "ranges-push": "^6.2.2",
        "ranges-sort": "^5.1.1"
      }
    },
    "ranges-push": {
      "version": "6.2.2",
      "resolved": "https://registry.npmjs.org/ranges-push/-/ranges-push-6.2.2.tgz",
      "integrity": "sha512-cFDwZgQMW3SI7bDzl0cpGy9T997/d3VIyxDYZUVlYfY0z7GWqd3Lg4DAiFRnkOHDbAT94jlZVfyJ0HX+sKWnGw==",
      "requires": {
        "string-collapse-leading-whitespace": "^6.1.2",
        "string-trim-spaces-only": "^4.1.1"
      }
    },
    "ranges-sort": {
      "version": "5.1.1",
      "resolved": "https://registry.npmjs.org/ranges-sort/-/ranges-sort-5.1.1.tgz",
      "integrity": "sha512-xFK3wqdolNvZAwotY1m3CzvaWfYpA7ddOXnhuo2pYTNLXDIgW5oF9mnntCvgcmhGsISN6T7XiCJIR/UZVasZ+Q=="
    },
    "string-collapse-leading-whitespace": {
      "version": "6.1.2",
      "resolved": "https://registry.npmjs.org/string-collapse-leading-whitespace/-/string-collapse-leading-whitespace-6.1.2.tgz",
      "integrity": "sha512-U8QOn9GXAVoERri4K7vqt7D8W6Lijmtsnn+clXLlxJWlA38MVDUjT4dbtR0Qw7FwfmJ6ixpRFC68nMUvstf7gA=="
    },
    "string-left-right": {
      "version": "5.1.2",
      "resolved": "https://registry.npmjs.org/string-left-right/-/string-left-right-5.1.2.tgz",
      "integrity": "sha512-KbrADvIlY+K2VWW8tnTnD2DQyFlFdnPne4rGdgPo0R19T+ulGah4vHCLuM1vcXoaw2moWXSrpkjM7SlSe6j9gw==",
      "requires": {
        "lodash.clonedeep": "^4.5.0",
        "lodash.isplainobject": "^4.0.6"
      }
    },
    "string-trim-spaces-only": {
      "version": "4.1.1",
      "resolved": "https://registry.npmjs.org/string-trim-spaces-only/-/string-trim-spaces-only-4.1.1.tgz",
      "integrity": "sha512-cAuDSKWkObM+nNteIFQeRaQA7Jk0I79itI8l0+D6AuQ/uVl3uVZCLW+3kXYBNG0DBMJlmk3JUDfUcwEANsPnMA=="
    },
    "tiny-invariant": {
      "version": "1.3.1",
      "resolved": "https://registry.npmjs.org/tiny-invariant/-/tiny-invariant-1.3.1.tgz",
      "integrity": "sha512-AD5ih2NlSssTCwsMznbvwMZpJ1cbhkGd2uueNxzv2jDlEeZdU04JQfRnggJQ8DrcVBGjAsCKwFBbDlVNtEMlzw=="
    }
  }
}
